
Microsoft Visual Studio Solution File, Format Version 12.00
# Visual Studio 2013
VisualStudioVersion = 12.0.21005.1
MinimumVisualStudioVersion = 10.0.40219.1
Project("{2150E333-8FDC-42A3-9474-1A3956D46DE8}") = "Business", "Business", "{2433EBCF-00EB-46D8-B55B-06D94CCE3251}"
EndProject
Project("{2150E333-8FDC-42A3-9474-1A3956D46DE8}") = "BL", "BL", "{F60F7E6E-F948-46C8-81AE-EB047F1FCAE2}"
EndProject
Project("{2150E333-8FDC-42A3-9474-1A3956D46DE8}") = "DTO", "DTO", "{04D3A973-6646-4C2C-A401-50DA521B1E5A}"
EndProject
Project("{2150E333-8FDC-42A3-9474-1A3956D46DE8}") = "Data", "Data", "{DAA42851-CBFB-4058-99C9-F94BF5AC899D}"
EndProject
Project("{2150E333-8FDC-42A3-9474-1A3956D46DE8}") = "DL", "DL", "{2E2F9ED0-B0A4-4A2C-ABF4-1368974F4AFC}"
EndProject
Project("{FAE04EC0-301F-11D3-BF4B-00C04F79EFBC}") = "iTheCoach.DL", "iTheCoach.DL\iTheCoach.DL.csproj", "{1F3FE7C8-21BF-4B70-B152-34232101443B}"
EndProject
Project("{FAE04EC0-301F-11D3-BF4B-00C04F79EFBC}") = "iTheCoach.DTO", "iTheCoach.DTO\iTheCoach.DTO.csproj", "{B8728682-9737-4DC4-8ECC-86F9AAFCEA57}"
EndProject
Project("{FAE04EC0-301F-11D3-BF4B-00C04F79EFBC}") = "iTheCoach.BL", "iTheCoach.BL\iTheCoach.BL.csproj", "{95D9C356-B886-4AE8-A1A3-CD2BFD86F9E3}"
EndProject
Project("{2150E333-8FDC-42A3-9474-1A3956D46DE8}") = "UI", "UI", "{A2C1CCE8-C002-4781-A9CD-F0E5B2C8DE37}"
EndProject
Project("{FAE04EC0-301F-11D3-BF4B-00C04F79EFBC}") = "iTheCoach.UI", "iTheCoach.UI\iTheCoach.UI.csproj", "{FE469C9D-AD40-478A-B6B7-1954659DDF91}"
EndProject
Project("{2150E333-8FDC-42A3-9474-1A3956D46DE8}") = "Global", "Global", "{AB01887B-EC73-4F64-92E6-B74C1E5F4FE2}"
EndProject
Project("{FAE04EC0-301F-11D3-BF4B-00C04F79EFBC}") = "iTheCoach.GL", "iTheCoach.GL\iTheCoach.GL.csproj", "{D22C322E-6681-42D3-982C-B49DBF0CC183}"
EndProject
Project("{2150E333-8FDC-42A3-9474-1A3956D46DE8}") = "Model", "Model", "{43DEAE19-2009-4502-A0F9-EFC02B6EB283}"
EndProject
Project("{FAE04EC0-301F-11D3-BF4B-00C04F79EFBC}") = "iTheCoach.Model", "iTheCoach.Model\iTheCoach.Model.csproj", "{FC5B1CA7-9A8C-44CF-A608-2C4DDEC28886}"
EndProject
Global
	GlobalSection(SolutionConfigurationPlatforms) = preSolution
		Debug|Any CPU = Debug|Any CPU
		Release|Any CPU = Release|Any CPU
	EndGlobalSection
	GlobalSection(ProjectConfigurationPlatforms) = postSolution
		{1F3FE7C8-21BF-4B70-B152-34232101443B}.Debug|Any CPU.ActiveCfg = Debug|Any CPU
		{1F3FE7C8-21BF-4B70-B152-34232101443B}.Debug|Any CPU.Build.0 = Debug|Any CPU
		{1F3FE7C8-21BF-4B70-B152-34232101443B}.Release|Any CPU.ActiveCfg = Release|Any CPU
		{1F3FE7C8-21BF-4B70-B152-34232101443B}.Release|Any CPU.Build.0 = Release|Any CPU
		{B8728682-9737-4DC4-8ECC-86F9AAFCEA57}.Debug|Any CPU.ActiveCfg = Debug|Any CPU
		{B8728682-9737-4DC4-8ECC-86F9AAFCEA57}.Debug|Any CPU.Build.0 = Debug|Any CPU
		{B8728682-9737-4DC4-8ECC-86F9AAFCEA57}.Release|Any CPU.ActiveCfg = Release|Any CPU
		{B8728682-9737-4DC4-8ECC-86F9AAFCEA57}.Release|Any CPU.Build.0 = Release|Any CPU
		{95D9C356-B886-4AE8-A1A3-CD2BFD86F9E3}.Debug|Any CPU.ActiveCfg = Debug|Any CPU
		{95D9C356-B886-4AE8-A1A3-CD2BFD86F9E3}.Debug|Any CPU.Build.0 = Debug|Any CPU
		{95D9C356-B886-4AE8-A1A3-CD2BFD86F9E3}.Release|Any CPU.ActiveCfg = Release|Any CPU
		{95D9C356-B886-4AE8-A1A3-CD2BFD86F9E3}.Release|Any CPU.Build.0 = Release|Any CPU
		{FE469C9D-AD40-478A-B6B7-1954659DDF91}.Debug|Any CPU.ActiveCfg = Debug|Any CPU
		{FE469C9D-AD40-478A-B6B7-1954659DDF91}.Debug|Any CPU.Build.0 = Debug|Any CPU
		{FE469C9D-AD40-478A-B6B7-1954659DDF91}.Release|Any CPU.ActiveCfg = Release|Any CPU
		{FE469C9D-AD40-478A-B6B7-1954659DDF91}.Release|Any CPU.Build.0 = Release|Any CPU
		{D22C322E-6681-42D3-982C-B49DBF0CC183}.Debug|Any CPU.ActiveCfg = Debug|Any CPU
		{D22C322E-6681-42D3-982C-B49DBF0CC183}.Debug|Any CPU.Build.0 = Debug|Any CPU
		{D22C322E-6681-42D3-982C-B49DBF0CC183}.Release|Any CPU.ActiveCfg = Release|Any CPU
		{D22C322E-6681-42D3-982C-B49DBF0CC183}.Release|Any CPU.Build.0 = Release|Any CPU
		{FC5B1CA7-9A8C-44CF-A608-2C4DDEC28886}.Debug|Any CPU.ActiveCfg = Debug|Any CPU
		{FC5B1CA7-9A8C-44CF-A608-2C4DDEC28886}.Debug|Any CPU.Build.0 = Debug|Any CPU
		{FC5B1CA7-9A8C-44CF-A608-2C4DDEC28886}.Release|Any CPU.ActiveCfg = Release|Any CPU
		{FC5B1CA7-9A8C-44CF-A608-2C4DDEC28886}.Release|Any CPU.Build.0 = Release|Any CPU
	EndGlobalSection
	GlobalSection(SolutionProperties) = preSolution
		HideSolutionNode = FALSE
	EndGlobalSection
	GlobalSection(NestedProjects) = preSolution
		{F60F7E6E-F948-46C8-81AE-EB047F1FCAE2} = {2433EBCF-00EB-46D8-B55B-06D94CCE3251}
		{04D3A973-6646-4C2C-A401-50DA521B1E5A} = {2433EBCF-00EB-46D8-B55B-06D94CCE3251}
		{95D9C356-B886-4AE8-A1A3-CD2BFD86F9E3} = {F60F7E6E-F948-46C8-81AE-EB047F1FCAE2}
		{B8728682-9737-4DC4-8ECC-86F9AAFCEA57} = {04D3A973-6646-4C2C-A401-50DA521B1E5A}
		{2E2F9ED0-B0A4-4A2C-ABF4-1368974F4AFC} = {DAA42851-CBFB-4058-99C9-F94BF5AC899D}
		{1F3FE7C8-21BF-4B70-B152-34232101443B} = {2E2F9ED0-B0A4-4A2C-ABF4-1368974F4AFC}
		{FE469C9D-AD40-478A-B6B7-1954659DDF91} = {A2C1CCE8-C002-4781-A9CD-F0E5B2C8DE37}
		{D22C322E-6681-42D3-982C-B49DBF0CC183} = {AB01887B-EC73-4F64-92E6-B74C1E5F4FE2}
		{FC5B1CA7-9A8C-44CF-A608-2C4DDEC28886} = {43DEAE19-2009-4502-A0F9-EFC02B6EB283}
	EndGlobalSection
EndGlobal
